
Microsoft Visual Studio Solution File, Format Version 12.00
# Visual Studio Version 17
VisualStudioVersion = 17.8.34309.116
MinimumVisualStudioVersion = 10.0.40219.1
Project("{FAE04EC0-301F-11D3-BF4B-00C04F79EFBC}") = "GA3_Class_DesmondR", "GA3_Class_DesmondR.csproj", "{9552C25F-3999-460A-B183-8B7803CAAA14}"
EndProject
Global
	GlobalSection(SolutionConfigurationPlatforms) = preSolution
		Debug|Any CPU = Debug|Any CPU
		Release|Any CPU = Release|Any CPU
	EndGlobalSection
	GlobalSection(ProjectConfigurationPlatforms) = postSolution
		{9552C25F-3999-460A-B183-8B7803CAAA14}.Debug|Any CPU.ActiveCfg = Debug|Any CPU
		{9552C25F-3999-460A-B183-8B7803CAAA14}.Debug|Any CPU.Build.0 = Debug|Any CPU
		{9552C25F-3999-460A-B183-8B7803CAAA14}.Release|Any CPU.ActiveCfg = Release|Any CPU
		{9552C25F-3999-460A-B183-8B7803CAAA14}.Release|Any CPU.Build.0 = Release|Any CPU
	EndGlobalSection
	GlobalSection(SolutionProperties) = preSolution
		HideSolutionNode = FALSE
	EndGlobalSection
	GlobalSection(ExtensibilityGlobals) = postSolution
		SolutionGuid = {55F6EC36-6437-497B-A4D5-D8867C45549B}
	EndGlobalSection
EndGlobal
